
Microsoft Visual Studio Solution File, Format Version 12.00
# Visual Studio 15
VisualStudioVersion = 15.0.28307.106
MinimumVisualStudioVersion = 10.0.40219.1
Project("{FAE04EC0-301F-11D3-BF4B-00C04F79EFBC}") = "PC_Verwaltung", "PC_Verwaltung\PC_Verwaltung.csproj", "{381CC26B-E672-48DE-AD7F-47ABA8453796}"
EndProject
Project("{FAE04EC0-301F-11D3-BF4B-00C04F79EFBC}") = "TestApp", "TestApp\TestApp.csproj", "{76B585AA-2554-47BC-804F-35B4671C5BCD}"
EndProject
Project("{FAE04EC0-301F-11D3-BF4B-00C04F79EFBC}") = "ComputerInformation", "ComputerInformation\ComputerInformation.csproj", "{87D88C45-56E8-4BD8-A525-C6EF6F71D387}"
EndProject
Project("{FAE04EC0-301F-11D3-BF4B-00C04F79EFBC}") = "GUI_Tests", "GUI_Tests\GUI_Tests.csproj", "{088402A4-D2F7-4764-A21B-C1C6C8F9F917}"
EndProject
Project("{FAE04EC0-301F-11D3-BF4B-00C04F79EFBC}") = "HardwareComponents", "HardwareComponents\HardwareComponents.csproj", "{3FF79920-C345-4D88-9C9B-2822A74BCE94}"
EndProject
Global
	GlobalSection(SolutionConfigurationPlatforms) = preSolution
		Debug|Any CPU = Debug|Any CPU
		Release|Any CPU = Release|Any CPU
	EndGlobalSection
	GlobalSection(ProjectConfigurationPlatforms) = postSolution
		{381CC26B-E672-48DE-AD7F-47ABA8453796}.Debug|Any CPU.ActiveCfg = Debug|Any CPU
		{381CC26B-E672-48DE-AD7F-47ABA8453796}.Debug|Any CPU.Build.0 = Debug|Any CPU
		{381CC26B-E672-48DE-AD7F-47ABA8453796}.Release|Any CPU.ActiveCfg = Release|Any CPU
		{381CC26B-E672-48DE-AD7F-47ABA8453796}.Release|Any CPU.Build.0 = Release|Any CPU
		{76B585AA-2554-47BC-804F-35B4671C5BCD}.Debug|Any CPU.ActiveCfg = Debug|Any CPU
		{76B585AA-2554-47BC-804F-35B4671C5BCD}.Debug|Any CPU.Build.0 = Debug|Any CPU
		{76B585AA-2554-47BC-804F-35B4671C5BCD}.Release|Any CPU.ActiveCfg = Release|Any CPU
		{76B585AA-2554-47BC-804F-35B4671C5BCD}.Release|Any CPU.Build.0 = Release|Any CPU
		{87D88C45-56E8-4BD8-A525-C6EF6F71D387}.Debug|Any CPU.ActiveCfg = Debug|Any CPU
		{87D88C45-56E8-4BD8-A525-C6EF6F71D387}.Debug|Any CPU.Build.0 = Debug|Any CPU
		{87D88C45-56E8-4BD8-A525-C6EF6F71D387}.Release|Any CPU.ActiveCfg = Release|Any CPU
		{87D88C45-56E8-4BD8-A525-C6EF6F71D387}.Release|Any CPU.Build.0 = Release|Any CPU
		{088402A4-D2F7-4764-A21B-C1C6C8F9F917}.Debug|Any CPU.ActiveCfg = Debug|Any CPU
		{088402A4-D2F7-4764-A21B-C1C6C8F9F917}.Debug|Any CPU.Build.0 = Debug|Any CPU
		{088402A4-D2F7-4764-A21B-C1C6C8F9F917}.Release|Any CPU.ActiveCfg = Release|Any CPU
		{088402A4-D2F7-4764-A21B-C1C6C8F9F917}.Release|Any CPU.Build.0 = Release|Any CPU
		{3FF79920-C345-4D88-9C9B-2822A74BCE94}.Debug|Any CPU.ActiveCfg = Debug|Any CPU
		{3FF79920-C345-4D88-9C9B-2822A74BCE94}.Debug|Any CPU.Build.0 = Debug|Any CPU
		{3FF79920-C345-4D88-9C9B-2822A74BCE94}.Release|Any CPU.ActiveCfg = Release|Any CPU
		{3FF79920-C345-4D88-9C9B-2822A74BCE94}.Release|Any CPU.Build.0 = Release|Any CPU
	EndGlobalSection
	GlobalSection(SolutionProperties) = preSolution
		HideSolutionNode = FALSE
	EndGlobalSection
	GlobalSection(ExtensibilityGlobals) = postSolution
		SolutionGuid = {C19B614F-0EF7-4044-B4DA-8B50AB8A8ECA}
	EndGlobalSection
EndGlobal
